
Microsoft Visual Studio Solution File, Format Version 12.00
# Visual Studio 2013
VisualStudioVersion = 12.0.31101.0
MinimumVisualStudioVersion = 10.0.40219.1
Project("{FAE04EC0-301F-11D3-BF4B-00C04F79EFBC}") = "WebApplication1", "WebApplication1\WebApplication1.csproj", "{FF4EBA24-3371-4BF9-9E7B-CFBB53E2B5EC}"
EndProject
Global
	GlobalSection(SolutionConfigurationPlatforms) = preSolution
		Debug|Any CPU = Debug|Any CPU
		Release|Any CPU = Release|Any CPU
	EndGlobalSection
	GlobalSection(ProjectConfigurationPlatforms) = postSolution
		{FF4EBA24-3371-4BF9-9E7B-CFBB53E2B5EC}.Debug|Any CPU.ActiveCfg = Debug|Any CPU
		{FF4EBA24-3371-4BF9-9E7B-CFBB53E2B5EC}.Debug|Any CPU.Build.0 = Debug|Any CPU
		{FF4EBA24-3371-4BF9-9E7B-CFBB53E2B5EC}.Release|Any CPU.ActiveCfg = Release|Any CPU
		{FF4EBA24-3371-4BF9-9E7B-CFBB53E2B5EC}.Release|Any CPU.Build.0 = Release|Any CPU
	EndGlobalSection
	GlobalSection(SolutionProperties) = preSolution
		HideSolutionNode = FALSE
	EndGlobalSection
EndGlobal
